
Microsoft Visual Studio Solution File, Format Version 12.00
# Visual Studio Version 16
VisualStudioVersion = 16.0.29905.134
MinimumVisualStudioVersion = 10.0.40219.1
Project("{9A19103F-16F7-4668-BE54-9A1E7A4F7556}") = "Labb1", "Labb1\Labb1.csproj", "{E7C487C3-15E4-490A-ACD2-DA01F29AFCA7}"
EndProject
Project("{9A19103F-16F7-4668-BE54-9A1E7A4F7556}") = "ProductsService", "ProductsService\ProductsService.csproj", "{B7ED8021-3F9F-43C4-8D66-898C5AB4C5A9}"
EndProject
Project("{9A19103F-16F7-4668-BE54-9A1E7A4F7556}") = "ProductsService.Tests", "ProductsService.Tests\ProductsService.Tests.csproj", "{37E5D49A-CB05-426D-8AA4-859E57F0BB7E}"
EndProject
Project("{FAE04EC0-301F-11D3-BF4B-00C04F79EFBC}") = "OrderService", "OrderService\OrderService.csproj", "{15A0D48A-6DE6-4225-94A9-A62804FCEC80}"
EndProject
Project("{FAE04EC0-301F-11D3-BF4B-00C04F79EFBC}") = "OrderService.Tests", "OrderService.Tests\OrderService.Tests.csproj", "{1C93298F-B6CC-4B20-A17D-BB2645AD1A9E}"
EndProject
Global
	GlobalSection(SolutionConfigurationPlatforms) = preSolution
		Debug|Any CPU = Debug|Any CPU
		Release|Any CPU = Release|Any CPU
	EndGlobalSection
	GlobalSection(ProjectConfigurationPlatforms) = postSolution
		{E7C487C3-15E4-490A-ACD2-DA01F29AFCA7}.Debug|Any CPU.ActiveCfg = Debug|Any CPU
		{E7C487C3-15E4-490A-ACD2-DA01F29AFCA7}.Debug|Any CPU.Build.0 = Debug|Any CPU
		{E7C487C3-15E4-490A-ACD2-DA01F29AFCA7}.Release|Any CPU.ActiveCfg = Release|Any CPU
		{E7C487C3-15E4-490A-ACD2-DA01F29AFCA7}.Release|Any CPU.Build.0 = Release|Any CPU
		{B7ED8021-3F9F-43C4-8D66-898C5AB4C5A9}.Debug|Any CPU.ActiveCfg = Debug|Any CPU
		{B7ED8021-3F9F-43C4-8D66-898C5AB4C5A9}.Debug|Any CPU.Build.0 = Debug|Any CPU
		{B7ED8021-3F9F-43C4-8D66-898C5AB4C5A9}.Release|Any CPU.ActiveCfg = Release|Any CPU
		{B7ED8021-3F9F-43C4-8D66-898C5AB4C5A9}.Release|Any CPU.Build.0 = Release|Any CPU
		{37E5D49A-CB05-426D-8AA4-859E57F0BB7E}.Debug|Any CPU.ActiveCfg = Debug|Any CPU
		{37E5D49A-CB05-426D-8AA4-859E57F0BB7E}.Debug|Any CPU.Build.0 = Debug|Any CPU
		{37E5D49A-CB05-426D-8AA4-859E57F0BB7E}.Release|Any CPU.ActiveCfg = Release|Any CPU
		{37E5D49A-CB05-426D-8AA4-859E57F0BB7E}.Release|Any CPU.Build.0 = Release|Any CPU
		{15A0D48A-6DE6-4225-94A9-A62804FCEC80}.Debug|Any CPU.ActiveCfg = Debug|Any CPU
		{15A0D48A-6DE6-4225-94A9-A62804FCEC80}.Debug|Any CPU.Build.0 = Debug|Any CPU
		{15A0D48A-6DE6-4225-94A9-A62804FCEC80}.Release|Any CPU.ActiveCfg = Release|Any CPU
		{15A0D48A-6DE6-4225-94A9-A62804FCEC80}.Release|Any CPU.Build.0 = Release|Any CPU
		{1C93298F-B6CC-4B20-A17D-BB2645AD1A9E}.Debug|Any CPU.ActiveCfg = Debug|Any CPU
		{1C93298F-B6CC-4B20-A17D-BB2645AD1A9E}.Debug|Any CPU.Build.0 = Debug|Any CPU
		{1C93298F-B6CC-4B20-A17D-BB2645AD1A9E}.Release|Any CPU.ActiveCfg = Release|Any CPU
		{1C93298F-B6CC-4B20-A17D-BB2645AD1A9E}.Release|Any CPU.Build.0 = Release|Any CPU
	EndGlobalSection
	GlobalSection(SolutionProperties) = preSolution
		HideSolutionNode = FALSE
	EndGlobalSection
	GlobalSection(ExtensibilityGlobals) = postSolution
		SolutionGuid = {40FB506C-29BF-4376-A354-A31667AF6D07}
	EndGlobalSection
EndGlobal
